{
  "version": 4,
  "terraform_version": "1.9.7",
  "serial": 40,
  "lineage": "122546c5-0137-c1a3-298b-ec38a53594b6",
  "outputs": {},
  "resources": [
    {
      "mode": "managed",
      "type": "azurerm_resource_group",
      "name": "coderco",
      "provider": "provider[\"registry.terraform.io/hashicorp/azurerm\"]",
      "instances": [
        {
          "schema_version": 0,
          "attributes": {
            "id": "/subscriptions/024e0be0-f00f-4015-b564-f09971c20c56/resourceGroups/coderco-tech-test",
            "location": "canadacentral",
            "managed_by": "",
            "name": "coderco-tech-test",
            "tags": null,
            "timeouts": null
          },
          "sensitive_attributes": [],
          "private": "eyJlMmJmYjczMC1lY2FhLTExZTYtOGY4OC0zNDM2M2JjN2M0YzAiOnsiY3JlYXRlIjo1NDAwMDAwMDAwMDAwLCJkZWxldGUiOjU0MDAwMDAwMDAwMDAsInJlYWQiOjMwMDAwMDAwMDAwMCwidXBkYXRlIjo1NDAwMDAwMDAwMDAwfX0="
        }
      ]
    },
    {
      "module": "module.law",
      "mode": "managed",
      "type": "azurerm_log_analytics_workspace",
      "name": "coderco_log_analytics",
      "provider": "provider[\"registry.terraform.io/hashicorp/azurerm\"]",
      "instances": [
        {
          "schema_version": 3,
          "attributes": {
            "allow_resource_only_permissions": true,
            "cmk_for_query_forced": false,
            "daily_quota_gb": -1,
            "data_collection_rule_id": "",
            "id": "/subscriptions/024e0be0-f00f-4015-b564-f09971c20c56/resourceGroups/coderco-tech-test/providers/Microsoft.OperationalInsights/workspaces/coderco-log-analytics",
            "identity": [],
            "immediate_data_purge_on_30_days_enabled": false,
            "internet_ingestion_enabled": true,
            "internet_query_enabled": true,
            "local_authentication_disabled": false,
            "location": "canadacentral",
            "name": "coderco-log-analytics",
            "primary_shared_key": "HtkbMoQ6793ees5sufVhARXmytY8CtbNnAnOYsucM0RBxCbqVmHkJFPxpBFFEa8TSwlwccwWT/75LaDPBql0sQ==",
            "reservation_capacity_in_gb_per_day": null,
            "resource_group_name": "coderco-tech-test",
            "retention_in_days": 30,
            "secondary_shared_key": "/mC1u786V5ihcmpD+5plfGMWHxM13ItxmawcTfcWya67UOgCgeb2WsGePJ/BPxhQu80OD4JXSJ+6aFiS4GM5Hw==",
            "sku": "PerGB2018",
            "tags": null,
            "timeouts": null,
            "workspace_id": "9eb0fa62-734f-42d4-bf7d-3ba773592d6b"
          },
          "sensitive_attributes": [
            [
              {
                "type": "get_attr",
                "value": "primary_shared_key"
              }
            ],
            [
              {
                "type": "get_attr",
                "value": "secondary_shared_key"
              }
            ]
          ],
          "private": "eyJlMmJmYjczMC1lY2FhLTExZTYtOGY4OC0zNDM2M2JjN2M0YzAiOnsiY3JlYXRlIjoxODAwMDAwMDAwMDAwLCJkZWxldGUiOjE4MDAwMDAwMDAwMDAsInJlYWQiOjMwMDAwMDAwMDAwMCwidXBkYXRlIjoxODAwMDAwMDAwMDAwfSwic2NoZW1hX3ZlcnNpb24iOiIzIn0=",
          "dependencies": [
            "azurerm_resource_group.coderco",
            "module.lb.azurerm_lb.coderco_lb_module",
            "module.lb.azurerm_lb_backend_address_pool.coderco_backend_pool",
            "module.lb.azurerm_lb_probe.coderco_lb_probe",
            "module.lb.azurerm_lb_rule.coderco_lb_rule",
            "module.lb.azurerm_public_ip.coderco_lb_module_pip",
            "module.network.azurerm_network_security_group.coderco-nsg",
            "module.network.azurerm_network_security_rule.coderco_http",
            "module.network.azurerm_network_security_rule.coderco_nsg_deny_all",
            "module.network.azurerm_subnet.coderco-subnet-module",
            "module.network.azurerm_subnet_network_security_group_association.coderco_nsg_assoc",
            "module.network.azurerm_virtual_network.coderco-vnet-module",
            "module.vmss.azurerm_linux_virtual_machine_scale_set.coderco_vmss",
            "module.vmss.azurerm_monitor_autoscale_setting.coderco_vmss_autoscale",
            "module.vmss.azurerm_virtual_machine_scale_set_extension.coderco_ama"
          ]
        }
      ]
    },
    {
      "module": "module.law",
      "mode": "managed",
      "type": "azurerm_monitor_data_collection_rule",
      "name": "coderco_dcr",
      "provider": "provider[\"registry.terraform.io/hashicorp/azurerm\"]",
      "instances": [
        {
          "schema_version": 0,
          "attributes": {
            "data_collection_endpoint_id": "",
            "data_flow": [
              {
                "built_in_transform": "",
                "destinations": [
                  "vmss-destination-log-analytics"
                ],
                "output_stream": "",
                "streams": [
                  "Microsoft-InsightsMetrics",
                  "Microsoft-Perf",
                  "Microsoft-Event",
                  "Microsoft-Syslog"
                ],
                "transform_kql": ""
              }
            ],
            "data_sources": [],
            "description": "",
            "destinations": [
              {
                "azure_monitor_metrics": [],
                "event_hub": [],
                "event_hub_direct": [],
                "log_analytics": [
                  {
                    "name": "vmss-destination-log-analytics",
                    "workspace_resource_id": "/subscriptions/024e0be0-f00f-4015-b564-f09971c20c56/resourceGroups/coderco-tech-test/providers/Microsoft.OperationalInsights/workspaces/coderco-log-analytics"
                  }
                ],
                "monitor_account": [],
                "storage_blob": [],
                "storage_blob_direct": [],
                "storage_table_direct": []
              }
            ],
            "id": "/subscriptions/024e0be0-f00f-4015-b564-f09971c20c56/resourceGroups/coderco-tech-test/providers/Microsoft.Insights/dataCollectionRules/coderco-dcr_rule",
            "identity": [],
            "immutable_id": "dcr-f1af65dfdcd44ef2b90cb0893e43b1d3",
            "kind": "",
            "location": "canadacentral",
            "name": "coderco-dcr_rule",
            "resource_group_name": "coderco-tech-test",
            "stream_declaration": [],
            "tags": null,
            "timeouts": null
          },
          "sensitive_attributes": [],
          "private": "eyJlMmJmYjczMC1lY2FhLTExZTYtOGY4OC0zNDM2M2JjN2M0YzAiOnsiY3JlYXRlIjoxODAwMDAwMDAwMDAwLCJkZWxldGUiOjE4MDAwMDAwMDAwMDAsInJlYWQiOjMwMDAwMDAwMDAwMCwidXBkYXRlIjoxODAwMDAwMDAwMDAwfX0=",
          "dependencies": [
            "azurerm_resource_group.coderco",
            "module.law.azurerm_log_analytics_workspace.coderco_log_analytics",
            "module.lb.azurerm_lb.coderco_lb_module",
            "module.lb.azurerm_lb_backend_address_pool.coderco_backend_pool",
            "module.lb.azurerm_lb_probe.coderco_lb_probe",
            "module.lb.azurerm_lb_rule.coderco_lb_rule",
            "module.lb.azurerm_public_ip.coderco_lb_module_pip",
            "module.network.azurerm_network_security_group.coderco-nsg",
            "module.network.azurerm_network_security_rule.coderco_http",
            "module.network.azurerm_network_security_rule.coderco_nsg_deny_all",
            "module.network.azurerm_subnet.coderco-subnet-module",
            "module.network.azurerm_subnet_network_security_group_association.coderco_nsg_assoc",
            "module.network.azurerm_virtual_network.coderco-vnet-module",
            "module.vmss.azurerm_linux_virtual_machine_scale_set.coderco_vmss",
            "module.vmss.azurerm_monitor_autoscale_setting.coderco_vmss_autoscale",
            "module.vmss.azurerm_virtual_machine_scale_set_extension.coderco_ama"
          ]
        }
      ]
    },
    {
      "module": "module.law",
      "mode": "managed",
      "type": "azurerm_monitor_data_collection_rule_association",
      "name": "coderco_dcr_ass",
      "provider": "provider[\"registry.terraform.io/hashicorp/azurerm\"]",
      "instances": [
        {
          "schema_version": 0,
          "attributes": {
            "data_collection_endpoint_id": "",
            "data_collection_rule_id": "/subscriptions/024e0be0-f00f-4015-b564-f09971c20c56/resourceGroups/coderco-tech-test/providers/Microsoft.Insights/dataCollectionRules/coderco-dcr_rule",
            "description": "Associating DCR with VMSS",
            "id": "/subscriptions/024e0be0-f00f-4015-b564-f09971c20c56/resourceGroups/coderco-tech-test/providers/Microsoft.Compute/virtualMachineScaleSets/coderco-test-vms/providers/Microsoft.Insights/dataCollectionRuleAssociations/coderco-dcr-ass",
            "name": "coderco-dcr-ass",
            "target_resource_id": "/subscriptions/024e0be0-f00f-4015-b564-f09971c20c56/resourceGroups/coderco-tech-test/providers/Microsoft.Compute/virtualMachineScaleSets/coderco-test-vms",
            "timeouts": null
          },
          "sensitive_attributes": [],
          "private": "eyJlMmJmYjczMC1lY2FhLTExZTYtOGY4OC0zNDM2M2JjN2M0YzAiOnsiY3JlYXRlIjoxODAwMDAwMDAwMDAwLCJkZWxldGUiOjE4MDAwMDAwMDAwMDAsInJlYWQiOjMwMDAwMDAwMDAwMCwidXBkYXRlIjoxODAwMDAwMDAwMDAwfX0=",
          "dependencies": [
            "azurerm_resource_group.coderco",
            "module.law.azurerm_log_analytics_workspace.coderco_log_analytics",
            "module.law.azurerm_monitor_data_collection_rule.coderco_dcr",
            "module.lb.azurerm_lb.coderco_lb_module",
            "module.lb.azurerm_lb_backend_address_pool.coderco_backend_pool",
            "module.lb.azurerm_lb_probe.coderco_lb_probe",
            "module.lb.azurerm_lb_rule.coderco_lb_rule",
            "module.lb.azurerm_public_ip.coderco_lb_module_pip",
            "module.network.azurerm_network_security_group.coderco-nsg",
            "module.network.azurerm_network_security_rule.coderco_http",
            "module.network.azurerm_network_security_rule.coderco_nsg_deny_all",
            "module.network.azurerm_subnet.coderco-subnet-module",
            "module.network.azurerm_subnet_network_security_group_association.coderco_nsg_assoc",
            "module.network.azurerm_virtual_network.coderco-vnet-module",
            "module.vmss.azurerm_linux_virtual_machine_scale_set.coderco_vmss",
            "module.vmss.azurerm_monitor_autoscale_setting.coderco_vmss_autoscale",
            "module.vmss.azurerm_virtual_machine_scale_set_extension.coderco_ama"
          ]
        }
      ]
    },
    {
      "module": "module.lb",
      "mode": "managed",
      "type": "azurerm_lb",
      "name": "coderco_lb_module",
      "provider": "provider[\"registry.terraform.io/hashicorp/azurerm\"]",
      "instances": [
        {
          "schema_version": 0,
          "attributes": {
            "edge_zone": "",
            "frontend_ip_configuration": [
              {
                "gateway_load_balancer_frontend_ip_configuration_id": "",
                "id": "/subscriptions/024e0be0-f00f-4015-b564-f09971c20c56/resourceGroups/coderco-tech-test/providers/Microsoft.Network/loadBalancers/coderco-lb/frontendIPConfigurations/coderco-lb-fe",
                "inbound_nat_rules": [],
                "load_balancer_rules": [],
                "name": "coderco-lb-fe",
                "outbound_rules": [],
                "private_ip_address": "",
                "private_ip_address_allocation": "Dynamic",
                "private_ip_address_version": "",
                "public_ip_address_id": "/subscriptions/024e0be0-f00f-4015-b564-f09971c20c56/resourceGroups/coderco-tech-test/providers/Microsoft.Network/publicIPAddresses/coderco-public-ip",
                "public_ip_prefix_id": "",
                "subnet_id": "",
                "zones": null
              }
            ],
            "id": "/subscriptions/024e0be0-f00f-4015-b564-f09971c20c56/resourceGroups/coderco-tech-test/providers/Microsoft.Network/loadBalancers/coderco-lb",
            "location": "canadacentral",
            "name": "coderco-lb",
            "private_ip_address": "",
            "private_ip_addresses": [],
            "resource_group_name": "coderco-tech-test",
            "sku": "Standard",
            "sku_tier": "Regional",
            "tags": null,
            "timeouts": null
          },
          "sensitive_attributes": [],
          "private": "eyJlMmJmYjczMC1lY2FhLTExZTYtOGY4OC0zNDM2M2JjN2M0YzAiOnsiY3JlYXRlIjoxODAwMDAwMDAwMDAwLCJkZWxldGUiOjE4MDAwMDAwMDAwMDAsInJlYWQiOjMwMDAwMDAwMDAwMCwidXBkYXRlIjoxODAwMDAwMDAwMDAwfX0=",
          "dependencies": [
            "azurerm_resource_group.coderco",
            "module.lb.azurerm_public_ip.coderco_lb_module_pip"
          ]
        }
      ]
    },
    {
      "module": "module.lb",
      "mode": "managed",
      "type": "azurerm_lb_backend_address_pool",
      "name": "coderco_backend_pool",
      "provider": "provider[\"registry.terraform.io/hashicorp/azurerm\"]",
      "instances": [
        {
          "schema_version": 0,
          "attributes": {
            "backend_ip_configurations": [],
            "id": "/subscriptions/024e0be0-f00f-4015-b564-f09971c20c56/resourceGroups/coderco-tech-test/providers/Microsoft.Network/loadBalancers/coderco-lb/backendAddressPools/coderco-backend-pool",
            "inbound_nat_rules": [],
            "load_balancing_rules": [],
            "loadbalancer_id": "/subscriptions/024e0be0-f00f-4015-b564-f09971c20c56/resourceGroups/coderco-tech-test/providers/Microsoft.Network/loadBalancers/coderco-lb",
            "name": "coderco-backend-pool",
            "outbound_rules": [],
            "synchronous_mode": "",
            "timeouts": null,
            "tunnel_interface": [],
            "virtual_network_id": ""
          },
          "sensitive_attributes": [],
          "private": "eyJlMmJmYjczMC1lY2FhLTExZTYtOGY4OC0zNDM2M2JjN2M0YzAiOnsiY3JlYXRlIjoxODAwMDAwMDAwMDAwLCJkZWxldGUiOjE4MDAwMDAwMDAwMDAsInJlYWQiOjMwMDAwMDAwMDAwMCwidXBkYXRlIjoxODAwMDAwMDAwMDAwfX0=",
          "dependencies": [
            "azurerm_resource_group.coderco",
            "module.lb.azurerm_lb.coderco_lb_module",
            "module.lb.azurerm_public_ip.coderco_lb_module_pip"
          ]
        }
      ]
    },
    {
      "module": "module.lb",
      "mode": "managed",
      "type": "azurerm_lb_probe",
      "name": "coderco_lb_probe",
      "provider": "provider[\"registry.terraform.io/hashicorp/azurerm\"]",
      "instances": [
        {
          "schema_version": 0,
          "attributes": {
            "id": "/subscriptions/024e0be0-f00f-4015-b564-f09971c20c56/resourceGroups/coderco-tech-test/providers/Microsoft.Network/loadBalancers/coderco-lb/probes/http-probe",
            "interval_in_seconds": 15,
            "load_balancer_rules": [],
            "loadbalancer_id": "/subscriptions/024e0be0-f00f-4015-b564-f09971c20c56/resourceGroups/coderco-tech-test/providers/Microsoft.Network/loadBalancers/coderco-lb",
            "name": "http-probe",
            "number_of_probes": 2,
            "port": 80,
            "probe_threshold": 1,
            "protocol": "Http",
            "request_path": "/",
            "timeouts": null
          },
          "sensitive_attributes": [],
          "private": "eyJlMmJmYjczMC1lY2FhLTExZTYtOGY4OC0zNDM2M2JjN2M0YzAiOnsiY3JlYXRlIjoxODAwMDAwMDAwMDAwLCJkZWxldGUiOjE4MDAwMDAwMDAwMDAsInJlYWQiOjMwMDAwMDAwMDAwMCwidXBkYXRlIjoxODAwMDAwMDAwMDAwfX0=",
          "dependencies": [
            "azurerm_resource_group.coderco",
            "module.lb.azurerm_lb.coderco_lb_module",
            "module.lb.azurerm_public_ip.coderco_lb_module_pip"
          ]
        }
      ]
    },
    {
      "module": "module.lb",
      "mode": "managed",
      "type": "azurerm_lb_rule",
      "name": "coderco_lb_rule",
      "provider": "provider[\"registry.terraform.io/hashicorp/azurerm\"]",
      "instances": [
        {
          "schema_version": 0,
          "attributes": {
            "backend_address_pool_ids": [
              "/subscriptions/024e0be0-f00f-4015-b564-f09971c20c56/resourceGroups/coderco-tech-test/providers/Microsoft.Network/loadBalancers/coderco-lb/backendAddressPools/coderco-backend-pool"
            ],
            "backend_port": 80,
            "disable_outbound_snat": false,
            "enable_floating_ip": false,
            "enable_tcp_reset": false,
            "frontend_ip_configuration_id": "/subscriptions/024e0be0-f00f-4015-b564-f09971c20c56/resourceGroups/coderco-tech-test/providers/Microsoft.Network/loadBalancers/coderco-lb/frontendIPConfigurations/coderco-lb-fe",
            "frontend_ip_configuration_name": "coderco-lb-fe",
            "frontend_port": 80,
            "id": "/subscriptions/024e0be0-f00f-4015-b564-f09971c20c56/resourceGroups/coderco-tech-test/providers/Microsoft.Network/loadBalancers/coderco-lb/loadBalancingRules/http-rule",
            "idle_timeout_in_minutes": 4,
            "load_distribution": "Default",
            "loadbalancer_id": "/subscriptions/024e0be0-f00f-4015-b564-f09971c20c56/resourceGroups/coderco-tech-test/providers/Microsoft.Network/loadBalancers/coderco-lb",
            "name": "http-rule",
            "probe_id": "/subscriptions/024e0be0-f00f-4015-b564-f09971c20c56/resourceGroups/coderco-tech-test/providers/Microsoft.Network/loadBalancers/coderco-lb/probes/http-probe",
            "protocol": "Tcp",
            "timeouts": null
          },
          "sensitive_attributes": [],
          "private": "eyJlMmJmYjczMC1lY2FhLTExZTYtOGY4OC0zNDM2M2JjN2M0YzAiOnsiY3JlYXRlIjoxODAwMDAwMDAwMDAwLCJkZWxldGUiOjE4MDAwMDAwMDAwMDAsInJlYWQiOjMwMDAwMDAwMDAwMCwidXBkYXRlIjoxODAwMDAwMDAwMDAwfX0=",
          "dependencies": [
            "azurerm_resource_group.coderco",
            "module.lb.azurerm_lb.coderco_lb_module",
            "module.lb.azurerm_lb_backend_address_pool.coderco_backend_pool",
            "module.lb.azurerm_lb_probe.coderco_lb_probe",
            "module.lb.azurerm_public_ip.coderco_lb_module_pip"
          ]
        }
      ]
    },
    {
      "module": "module.lb",
      "mode": "managed",
      "type": "azurerm_public_ip",
      "name": "coderco_lb_module_pip",
      "provider": "provider[\"registry.terraform.io/hashicorp/azurerm\"]",
      "instances": [
        {
          "schema_version": 0,
          "attributes": {
            "allocation_method": "Static",
            "ddos_protection_mode": "VirtualNetworkInherited",
            "ddos_protection_plan_id": null,
            "domain_name_label": null,
            "domain_name_label_scope": null,
            "edge_zone": "",
            "fqdn": null,
            "id": "/subscriptions/024e0be0-f00f-4015-b564-f09971c20c56/resourceGroups/coderco-tech-test/providers/Microsoft.Network/publicIPAddresses/coderco-public-ip",
            "idle_timeout_in_minutes": 4,
            "ip_address": "130.107.36.43",
            "ip_tags": null,
            "ip_version": "IPv4",
            "location": "canadacentral",
            "name": "coderco-public-ip",
            "public_ip_prefix_id": null,
            "resource_group_name": "coderco-tech-test",
            "reverse_fqdn": null,
            "sku": "Standard",
            "sku_tier": "Regional",
            "tags": null,
            "timeouts": null,
            "zones": [
              "1",
              "2"
            ]
          },
          "sensitive_attributes": [],
          "private": "eyJlMmJmYjczMC1lY2FhLTExZTYtOGY4OC0zNDM2M2JjN2M0YzAiOnsiY3JlYXRlIjoxODAwMDAwMDAwMDAwLCJkZWxldGUiOjE4MDAwMDAwMDAwMDAsInJlYWQiOjMwMDAwMDAwMDAwMCwidXBkYXRlIjoxODAwMDAwMDAwMDAwfX0=",
          "dependencies": [
            "azurerm_resource_group.coderco"
          ]
        }
      ]
    },
    {
      "module": "module.network",
      "mode": "managed",
      "type": "azurerm_network_security_group",
      "name": "coderco-nsg",
      "provider": "provider[\"registry.terraform.io/hashicorp/azurerm\"]",
      "instances": [
        {
          "schema_version": 0,
          "attributes": {
            "id": "/subscriptions/024e0be0-f00f-4015-b564-f09971c20c56/resourceGroups/coderco-tech-test/providers/Microsoft.Network/networkSecurityGroups/coderco-nsg",
            "location": "canadacentral",
            "name": "coderco-nsg",
            "resource_group_name": "coderco-tech-test",
            "security_rule": [],
            "tags": null,
            "timeouts": null
          },
          "sensitive_attributes": [],
          "private": "eyJlMmJmYjczMC1lY2FhLTExZTYtOGY4OC0zNDM2M2JjN2M0YzAiOnsiY3JlYXRlIjoxODAwMDAwMDAwMDAwLCJkZWxldGUiOjE4MDAwMDAwMDAwMDAsInJlYWQiOjMwMDAwMDAwMDAwMCwidXBkYXRlIjoxODAwMDAwMDAwMDAwfX0=",
          "dependencies": [
            "azurerm_resource_group.coderco"
          ]
        }
      ]
    },
    {
      "module": "module.network",
      "mode": "managed",
      "type": "azurerm_network_security_rule",
      "name": "coderco_http",
      "provider": "provider[\"registry.terraform.io/hashicorp/azurerm\"]",
      "instances": [
        {
          "schema_version": 0,
          "attributes": {
            "access": "Allow",
            "description": "",
            "destination_address_prefix": "*",
            "destination_address_prefixes": null,
            "destination_application_security_group_ids": null,
            "destination_port_range": "80-443",
            "destination_port_ranges": null,
            "direction": "Inbound",
            "id": "/subscriptions/024e0be0-f00f-4015-b564-f09971c20c56/resourceGroups/coderco-tech-test/providers/Microsoft.Network/networkSecurityGroups/coderco-nsg/securityRules/allow-http",
            "name": "allow-http",
            "network_security_group_name": "coderco-nsg",
            "priority": 100,
            "protocol": "Tcp",
            "resource_group_name": "coderco-tech-test",
            "source_address_prefix": "*",
            "source_address_prefixes": null,
            "source_application_security_group_ids": null,
            "source_port_range": "*",
            "source_port_ranges": null,
            "timeouts": null
          },
          "sensitive_attributes": [],
          "private": "eyJlMmJmYjczMC1lY2FhLTExZTYtOGY4OC0zNDM2M2JjN2M0YzAiOnsiY3JlYXRlIjoxODAwMDAwMDAwMDAwLCJkZWxldGUiOjE4MDAwMDAwMDAwMDAsInJlYWQiOjMwMDAwMDAwMDAwMCwidXBkYXRlIjoxODAwMDAwMDAwMDAwfX0=",
          "dependencies": [
            "azurerm_resource_group.coderco",
            "module.network.azurerm_network_security_group.coderco-nsg"
          ]
        }
      ]
    },
    {
      "module": "module.network",
      "mode": "managed",
      "type": "azurerm_network_security_rule",
      "name": "coderco_nsg_deny_all",
      "provider": "provider[\"registry.terraform.io/hashicorp/azurerm\"]",
      "instances": [
        {
          "schema_version": 0,
          "attributes": {
            "access": "Deny",
            "description": "",
            "destination_address_prefix": "*",
            "destination_address_prefixes": null,
            "destination_application_security_group_ids": null,
            "destination_port_range": "*",
            "destination_port_ranges": null,
            "direction": "Inbound",
            "id": "/subscriptions/024e0be0-f00f-4015-b564-f09971c20c56/resourceGroups/coderco-tech-test/providers/Microsoft.Network/networkSecurityGroups/coderco-nsg/securityRules/deny-all",
            "name": "deny-all",
            "network_security_group_name": "coderco-nsg",
            "priority": 300,
            "protocol": "*",
            "resource_group_name": "coderco-tech-test",
            "source_address_prefix": "*",
            "source_address_prefixes": null,
            "source_application_security_group_ids": null,
            "source_port_range": "*",
            "source_port_ranges": null,
            "timeouts": null
          },
          "sensitive_attributes": [],
          "private": "eyJlMmJmYjczMC1lY2FhLTExZTYtOGY4OC0zNDM2M2JjN2M0YzAiOnsiY3JlYXRlIjoxODAwMDAwMDAwMDAwLCJkZWxldGUiOjE4MDAwMDAwMDAwMDAsInJlYWQiOjMwMDAwMDAwMDAwMCwidXBkYXRlIjoxODAwMDAwMDAwMDAwfX0=",
          "dependencies": [
            "azurerm_resource_group.coderco",
            "module.network.azurerm_network_security_group.coderco-nsg"
          ]
        }
      ]
    },
    {
      "module": "module.network",
      "mode": "managed",
      "type": "azurerm_subnet",
      "name": "coderco-subnet-module",
      "provider": "provider[\"registry.terraform.io/hashicorp/azurerm\"]",
      "instances": [
        {
          "schema_version": 0,
          "attributes": {
            "address_prefixes": [
              "10.0.1.0/24"
            ],
            "default_outbound_access_enabled": true,
            "delegation": [],
            "id": "/subscriptions/024e0be0-f00f-4015-b564-f09971c20c56/resourceGroups/coderco-tech-test/providers/Microsoft.Network/virtualNetworks/coderco-vnet/subnets/coderco-subnet",
            "name": "coderco-subnet",
            "private_endpoint_network_policies": "Disabled",
            "private_link_service_network_policies_enabled": true,
            "resource_group_name": "coderco-tech-test",
            "service_endpoint_policy_ids": null,
            "service_endpoints": null,
            "timeouts": null,
            "virtual_network_name": "coderco-vnet"
          },
          "sensitive_attributes": [],
          "private": "eyJlMmJmYjczMC1lY2FhLTExZTYtOGY4OC0zNDM2M2JjN2M0YzAiOnsiY3JlYXRlIjoxODAwMDAwMDAwMDAwLCJkZWxldGUiOjE4MDAwMDAwMDAwMDAsInJlYWQiOjMwMDAwMDAwMDAwMCwidXBkYXRlIjoxODAwMDAwMDAwMDAwfX0=",
          "dependencies": [
            "azurerm_resource_group.coderco",
            "module.network.azurerm_virtual_network.coderco-vnet-module"
          ]
        }
      ]
    },
    {
      "module": "module.network",
      "mode": "managed",
      "type": "azurerm_subnet_network_security_group_association",
      "name": "coderco_nsg_assoc",
      "provider": "provider[\"registry.terraform.io/hashicorp/azurerm\"]",
      "instances": [
        {
          "schema_version": 0,
          "attributes": {
            "id": "/subscriptions/024e0be0-f00f-4015-b564-f09971c20c56/resourceGroups/coderco-tech-test/providers/Microsoft.Network/virtualNetworks/coderco-vnet/subnets/coderco-subnet",
            "network_security_group_id": "/subscriptions/024e0be0-f00f-4015-b564-f09971c20c56/resourceGroups/coderco-tech-test/providers/Microsoft.Network/networkSecurityGroups/coderco-nsg",
            "subnet_id": "/subscriptions/024e0be0-f00f-4015-b564-f09971c20c56/resourceGroups/coderco-tech-test/providers/Microsoft.Network/virtualNetworks/coderco-vnet/subnets/coderco-subnet",
            "timeouts": null
          },
          "sensitive_attributes": [],
          "private": "eyJlMmJmYjczMC1lY2FhLTExZTYtOGY4OC0zNDM2M2JjN2M0YzAiOnsiY3JlYXRlIjoxODAwMDAwMDAwMDAwLCJkZWxldGUiOjE4MDAwMDAwMDAwMDAsInJlYWQiOjMwMDAwMDAwMDAwMH19",
          "dependencies": [
            "azurerm_resource_group.coderco",
            "module.network.azurerm_network_security_group.coderco-nsg",
            "module.network.azurerm_subnet.coderco-subnet-module",
            "module.network.azurerm_virtual_network.coderco-vnet-module"
          ]
        }
      ]
    },
    {
      "module": "module.network",
      "mode": "managed",
      "type": "azurerm_virtual_network",
      "name": "coderco-vnet-module",
      "provider": "provider[\"registry.terraform.io/hashicorp/azurerm\"]",
      "instances": [
        {
          "schema_version": 0,
          "attributes": {
            "address_space": [
              "10.0.0.0/16"
            ],
            "bgp_community": "",
            "ddos_protection_plan": [],
            "dns_servers": [],
            "edge_zone": "",
            "encryption": [],
            "flow_timeout_in_minutes": 0,
            "guid": "4cc8fecd-3c95-4f67-988e-e6de4fa27a3e",
            "id": "/subscriptions/024e0be0-f00f-4015-b564-f09971c20c56/resourceGroups/coderco-tech-test/providers/Microsoft.Network/virtualNetworks/coderco-vnet",
            "location": "canadacentral",
            "name": "coderco-vnet",
            "private_endpoint_vnet_policies": "Disabled",
            "resource_group_name": "coderco-tech-test",
            "subnet": [],
            "tags": null,
            "timeouts": null
          },
          "sensitive_attributes": [],
          "private": "eyJlMmJmYjczMC1lY2FhLTExZTYtOGY4OC0zNDM2M2JjN2M0YzAiOnsiY3JlYXRlIjoxODAwMDAwMDAwMDAwLCJkZWxldGUiOjE4MDAwMDAwMDAwMDAsInJlYWQiOjMwMDAwMDAwMDAwMCwidXBkYXRlIjoxODAwMDAwMDAwMDAwfX0=",
          "dependencies": [
            "azurerm_resource_group.coderco"
          ]
        }
      ]
    },
    {
      "module": "module.vmss",
      "mode": "managed",
      "type": "azurerm_linux_virtual_machine_scale_set",
      "name": "coderco_vmss",
      "provider": "provider[\"registry.terraform.io/hashicorp/azurerm\"]",
      "instances": [
        {
          "schema_version": 0,
          "attributes": {
            "additional_capabilities": [],
            "admin_password": null,
            "admin_ssh_key": [
              {
                "public_key": "ssh-rsa AAAAB3NzaC1yc2EAAAADAQABAAACAQC7gFQRDk+8ob4y7W673Kj/icl7sxHqRIXHrLt63iI58c6CCdDM5prM+IFfDgrFikGYGUFmYhcKYvOvHFhfnYDcEL8GDWegjFVgPvHIDs2XBVe955BLhxIH8OmvGqSeMmDkYmPskgP1foP9/RIqGZpMGmoEIIUMONOLsOKNOnuP6wvZledbPuUDSyZK5WYpm0oCQvrnOY4gH7v/vifRJQ62aSvcW527hQVSw5ln2lbzE4SJBafEl1DBRtelW2ZjxRBFlsEK1T236GkBGDVGQ4galLCT8pMRCg/kfyE1F7JmFmTffYs2gHpJeaKa+vk5J4Vv66hemIE5U9kYxQYpYUyxHkNeUCd3XWSayNcmf2C5FXNX5BnN4SXp2nT/+xfLK2wMQV8bQl5rlk7/Of9EarabwojE4PuzLmgswiVjAkXuxWJdpLZ3LDaWT8omZz2pIZntSlibZvD4PMWQOYBCtjNjUCVuh4Hs5UVS5UgPdHIbdAVwcbkmcF7jyYHRRcH8Vpc7ivesx9bo3kKX8b7tAfXkGSFVVWcRwZHjlu/u2y3UqD+x8yHOH6ArWaM8dYKIMyczUhSiiJErvPgIvfue3GL2Tt7bROcjjVVDvBR1Kn7TQWUoFGi8jvq5+2G7JCX2oaYrWR/Z3QVadkhUbx4jJ1gsjQYOpTUDH9PQgD26d4tizQ== mahad.ahmed@hotmail.com\n",
                "username": "codercoadmin"
              }
            ],
            "admin_username": "codercoadmin",
            "automatic_instance_repair": [],
            "automatic_os_upgrade_policy": [],
            "boot_diagnostics": [],
            "capacity_reservation_group_id": "",
            "computer_name_prefix": "coderco-test-vms",
            "custom_data": "IyEvYmluL2Jhc2gNCmFwdC1nZXQgdXBkYXRlIC15DQphcHQtZ2V0IGluc3RhbGwgLXkgYXBhY2hlMg0KZWNobyAiSGVsbG8hIFlvdXIgQ29kZXJDbyBUZWNoIFRlc3QgVk1TUyBpcyB3b3JraW5nISIgPiAvdmFyL3d3dy9odG1sL2luZGV4Lmh0bWwNCnN5c3RlbWN0bCBlbmFibGUgYXBhY2hlMg0Kc3lzdGVtY3RsIHN0YXJ0IGFwYWNoZTINCg==",
            "data_disk": [],
            "disable_password_authentication": true,
            "do_not_run_extensions_on_overprovisioned_machines": false,
            "edge_zone": "",
            "encryption_at_host_enabled": false,
            "eviction_policy": "",
            "extension": [],
            "extension_operations_enabled": true,
            "extensions_time_budget": "PT1H30M",
            "gallery_application": [],
            "health_probe_id": "/subscriptions/024e0be0-f00f-4015-b564-f09971c20c56/resourceGroups/coderco-tech-test/providers/Microsoft.Network/loadBalancers/coderco-lb/probes/http-probe",
            "host_group_id": null,
            "id": "/subscriptions/024e0be0-f00f-4015-b564-f09971c20c56/resourceGroups/coderco-tech-test/providers/Microsoft.Compute/virtualMachineScaleSets/coderco-test-vms",
            "identity": [],
            "instances": 2,
            "location": "canadacentral",
            "max_bid_price": -1,
            "name": "coderco-test-vms",
            "network_interface": [
              {
                "dns_servers": null,
                "enable_accelerated_networking": false,
                "enable_ip_forwarding": false,
                "ip_configuration": [
                  {
                    "application_gateway_backend_address_pool_ids": null,
                    "application_security_group_ids": null,
                    "load_balancer_backend_address_pool_ids": [
                      "/subscriptions/024e0be0-f00f-4015-b564-f09971c20c56/resourceGroups/coderco-tech-test/providers/Microsoft.Network/loadBalancers/coderco-lb/backendAddressPools/coderco-backend-pool"
                    ],
                    "load_balancer_inbound_nat_rules_ids": null,
                    "name": "coderco-ipconfig",
                    "primary": true,
                    "public_ip_address": [],
                    "subnet_id": "/subscriptions/024e0be0-f00f-4015-b564-f09971c20c56/resourceGroups/coderco-tech-test/providers/Microsoft.Network/virtualNetworks/coderco-vnet/subnets/coderco-subnet",
                    "version": "IPv4"
                  }
                ],
                "name": "coderco-nic",
                "network_security_group_id": "",
                "primary": true
              }
            ],
            "os_disk": [
              {
                "caching": "ReadWrite",
                "diff_disk_settings": [],
                "disk_encryption_set_id": "",
                "disk_size_gb": 30,
                "secure_vm_disk_encryption_set_id": "",
                "security_encryption_type": "",
                "storage_account_type": "Standard_LRS",
                "write_accelerator_enabled": false
              }
            ],
            "overprovision": true,
            "plan": [],
            "platform_fault_domain_count": 5,
            "priority": "Regular",
            "provision_vm_agent": true,
            "proximity_placement_group_id": "",
            "resource_group_name": "coderco-tech-test",
            "rolling_upgrade_policy": [],
            "scale_in": [],
            "secret": [],
            "secure_boot_enabled": false,
            "single_placement_group": true,
            "sku": "Standard_D2s_v3",
            "source_image_id": "",
            "source_image_reference": [
              {
                "offer": "0001-com-ubuntu-server-jammy",
                "publisher": "Canonical",
                "sku": "22_04-lts",
                "version": "latest"
              }
            ],
            "spot_restore": null,
            "tags": {
              "environment": "test"
            },
            "termination_notification": null,
            "timeouts": null,
            "unique_id": "11fd9a59-41fc-412c-b048-ff5cbba7d88c",
            "upgrade_mode": "Manual",
            "user_data": "",
            "vtpm_enabled": false,
            "zone_balance": true,
            "zones": [
              "1",
              "2"
            ]
          },
          "sensitive_attributes": [
            [
              {
                "type": "get_attr",
                "value": "custom_data"
              }
            ],
            [
              {
                "type": "get_attr",
                "value": "admin_password"
              }
            ]
          ],
          "private": "eyJlMmJmYjczMC1lY2FhLTExZTYtOGY4OC0zNDM2M2JjN2M0YzAiOnsiY3JlYXRlIjozNjAwMDAwMDAwMDAwLCJkZWxldGUiOjM2MDAwMDAwMDAwMDAsInJlYWQiOjMwMDAwMDAwMDAwMCwidXBkYXRlIjozNjAwMDAwMDAwMDAwfX0=",
          "dependencies": [
            "azurerm_resource_group.coderco",
            "module.lb.azurerm_lb.coderco_lb_module",
            "module.lb.azurerm_lb_backend_address_pool.coderco_backend_pool",
            "module.lb.azurerm_lb_probe.coderco_lb_probe",
            "module.lb.azurerm_lb_rule.coderco_lb_rule",
            "module.lb.azurerm_public_ip.coderco_lb_module_pip",
            "module.network.azurerm_network_security_group.coderco-nsg",
            "module.network.azurerm_network_security_rule.coderco_http",
            "module.network.azurerm_network_security_rule.coderco_nsg_deny_all",
            "module.network.azurerm_subnet.coderco-subnet-module",
            "module.network.azurerm_subnet_network_security_group_association.coderco_nsg_assoc",
            "module.network.azurerm_virtual_network.coderco-vnet-module"
          ]
        }
      ]
    },
    {
      "module": "module.vmss",
      "mode": "managed",
      "type": "azurerm_monitor_autoscale_setting",
      "name": "coderco_vmss_autoscale",
      "provider": "provider[\"registry.terraform.io/hashicorp/azurerm\"]",
      "instances": [
        {
          "schema_version": 2,
          "attributes": {
            "enabled": true,
            "id": "/subscriptions/024e0be0-f00f-4015-b564-f09971c20c56/resourceGroups/coderco-tech-test/providers/Microsoft.Insights/autoScaleSettings/coderco-test-vms-autoscale",
            "location": "canadacentral",
            "name": "coderco-test-vms-autoscale",
            "notification": [
              {
                "email": [
                  {
                    "custom_emails": [
                      "tecknosap@gmail.com"
                    ],
                    "send_to_subscription_administrator": false,
                    "send_to_subscription_co_administrator": false
                  }
                ],
                "webhook": []
              }
            ],
            "predictive": [],
            "profile": [
              {
                "capacity": [
                  {
                    "default": 3,
                    "maximum": 10,
                    "minimum": 1
                  }
                ],
                "fixed_date": [],
                "name": "Dynamic Scaling",
                "recurrence": [],
                "rule": [
                  {
                    "metric_trigger": [
                      {
                        "dimensions": [],
                        "divide_by_instance_count": false,
                        "metric_name": "Percentage CPU",
                        "metric_namespace": "",
                        "metric_resource_id": "/subscriptions/024e0be0-f00f-4015-b564-f09971c20c56/resourceGroups/coderco-tech-test/providers/Microsoft.Compute/virtualMachineScaleSets/coderco-test-vms",
                        "operator": "GreaterThan",
                        "statistic": "Average",
                        "threshold": 70,
                        "time_aggregation": "Average",
                        "time_grain": "PT1M",
                        "time_window": "PT5M"
                      }
                    ],
                    "scale_action": [
                      {
                        "cooldown": "PT5M",
                        "direction": "Increase",
                        "type": "ChangeCount",
                        "value": 1
                      }
                    ]
                  },
                  {
                    "metric_trigger": [
                      {
                        "dimensions": [],
                        "divide_by_instance_count": false,
                        "metric_name": "Percentage CPU",
                        "metric_namespace": "",
                        "metric_resource_id": "/subscriptions/024e0be0-f00f-4015-b564-f09971c20c56/resourceGroups/coderco-tech-test/providers/Microsoft.Compute/virtualMachineScaleSets/coderco-test-vms",
                        "operator": "LessThan",
                        "statistic": "Average",
                        "threshold": 30,
                        "time_aggregation": "Average",
                        "time_grain": "PT1M",
                        "time_window": "PT5M"
                      }
                    ],
                    "scale_action": [
                      {
                        "cooldown": "PT5M",
                        "direction": "Decrease",
                        "type": "ChangeCount",
                        "value": 1
                      }
                    ]
                  }
                ]
              }
            ],
            "resource_group_name": "coderco-tech-test",
            "tags": null,
            "target_resource_id": "/subscriptions/024e0be0-f00f-4015-b564-f09971c20c56/resourceGroups/coderco-tech-test/providers/Microsoft.Compute/virtualMachineScaleSets/coderco-test-vms",
            "timeouts": null
          },
          "sensitive_attributes": [],
          "private": "eyJlMmJmYjczMC1lY2FhLTExZTYtOGY4OC0zNDM2M2JjN2M0YzAiOnsiY3JlYXRlIjoxODAwMDAwMDAwMDAwLCJkZWxldGUiOjE4MDAwMDAwMDAwMDAsInJlYWQiOjMwMDAwMDAwMDAwMCwidXBkYXRlIjoxODAwMDAwMDAwMDAwfSwic2NoZW1hX3ZlcnNpb24iOiIyIn0=",
          "dependencies": [
            "azurerm_resource_group.coderco",
            "module.lb.azurerm_lb.coderco_lb_module",
            "module.lb.azurerm_lb_backend_address_pool.coderco_backend_pool",
            "module.lb.azurerm_lb_probe.coderco_lb_probe",
            "module.lb.azurerm_lb_rule.coderco_lb_rule",
            "module.lb.azurerm_public_ip.coderco_lb_module_pip",
            "module.network.azurerm_network_security_group.coderco-nsg",
            "module.network.azurerm_network_security_rule.coderco_http",
            "module.network.azurerm_network_security_rule.coderco_nsg_deny_all",
            "module.network.azurerm_subnet.coderco-subnet-module",
            "module.network.azurerm_subnet_network_security_group_association.coderco_nsg_assoc",
            "module.network.azurerm_virtual_network.coderco-vnet-module",
            "module.vmss.azurerm_linux_virtual_machine_scale_set.coderco_vmss"
          ]
        }
      ]
    },
    {
      "module": "module.vmss",
      "mode": "managed",
      "type": "azurerm_virtual_machine_scale_set_extension",
      "name": "coderco_ama",
      "provider": "provider[\"registry.terraform.io/hashicorp/azurerm\"]",
      "instances": [
        {
          "schema_version": 0,
          "attributes": {
            "auto_upgrade_minor_version": true,
            "automatic_upgrade_enabled": false,
            "failure_suppression_enabled": false,
            "force_update_tag": "",
            "id": "/subscriptions/024e0be0-f00f-4015-b564-f09971c20c56/resourceGroups/coderco-tech-test/providers/Microsoft.Compute/virtualMachineScaleSets/coderco-test-vms/extensions/AzureMonitorLinuxAgent",
            "name": "AzureMonitorLinuxAgent",
            "protected_settings": null,
            "protected_settings_from_key_vault": [],
            "provision_after_extensions": null,
            "publisher": "Microsoft.Azure.Monitor",
            "settings": "",
            "timeouts": null,
            "type": "AzureMonitorLinuxAgent",
            "type_handler_version": "1.10",
            "virtual_machine_scale_set_id": "/subscriptions/024e0be0-f00f-4015-b564-f09971c20c56/resourceGroups/coderco-tech-test/providers/Microsoft.Compute/virtualMachineScaleSets/coderco-test-vms"
          },
          "sensitive_attributes": [
            [
              {
                "type": "get_attr",
                "value": "protected_settings"
              }
            ]
          ],
          "private": "eyJlMmJmYjczMC1lY2FhLTExZTYtOGY4OC0zNDM2M2JjN2M0YzAiOnsiY3JlYXRlIjoxODAwMDAwMDAwMDAwLCJkZWxldGUiOjE4MDAwMDAwMDAwMDAsInJlYWQiOjMwMDAwMDAwMDAwMCwidXBkYXRlIjoxODAwMDAwMDAwMDAwfX0=",
          "dependencies": [
            "azurerm_resource_group.coderco",
            "module.lb.azurerm_lb.coderco_lb_module",
            "module.lb.azurerm_lb_backend_address_pool.coderco_backend_pool",
            "module.lb.azurerm_lb_probe.coderco_lb_probe",
            "module.lb.azurerm_lb_rule.coderco_lb_rule",
            "module.lb.azurerm_public_ip.coderco_lb_module_pip",
            "module.network.azurerm_network_security_group.coderco-nsg",
            "module.network.azurerm_network_security_rule.coderco_http",
            "module.network.azurerm_network_security_rule.coderco_nsg_deny_all",
            "module.network.azurerm_subnet.coderco-subnet-module",
            "module.network.azurerm_subnet_network_security_group_association.coderco_nsg_assoc",
            "module.network.azurerm_virtual_network.coderco-vnet-module",
            "module.vmss.azurerm_linux_virtual_machine_scale_set.coderco_vmss"
          ]
        }
      ]
    }
  ],
  "check_results": null
}
